
Microsoft Visual Studio Solution File, Format Version 12.00
Project("{FAE04EC0-301F-11D3-BF4B-00C04F79EFBC}") = "parking-system", "parking-system.csproj", "{0D4AEF74-B063-411D-94FA-578A0DC6D599}"
EndProject
Global
	GlobalSection(SolutionConfigurationPlatforms) = preSolution
		Debug|Any CPU = Debug|Any CPU
		Release|Any CPU = Release|Any CPU
	EndGlobalSection
	GlobalSection(ProjectConfigurationPlatforms) = postSolution
		{0D4AEF74-B063-411D-94FA-578A0DC6D599}.Debug|Any CPU.ActiveCfg = Debug|Any CPU
		{0D4AEF74-B063-411D-94FA-578A0DC6D599}.Debug|Any CPU.Build.0 = Debug|Any CPU
		{0D4AEF74-B063-411D-94FA-578A0DC6D599}.Release|Any CPU.ActiveCfg = Release|Any CPU
		{0D4AEF74-B063-411D-94FA-578A0DC6D599}.Release|Any CPU.Build.0 = Release|Any CPU
	EndGlobalSection
EndGlobal
